
Microsoft Visual Studio Solution File, Format Version 12.00
Project("{FAE04EC0-301F-11D3-BF4B-00C04F79EFBC}") = "DemoAks.Core.Host", "BE\Core\DemoAks.Core.Host\DemoAks.Core.Host.csproj", "{15A8AE28-A018-4F0F-ADAF-7960C1D4DDC6}"
EndProject
Global
	GlobalSection(SolutionConfigurationPlatforms) = preSolution
		Debug|Any CPU = Debug|Any CPU
		Release|Any CPU = Release|Any CPU
	EndGlobalSection
	GlobalSection(ProjectConfigurationPlatforms) = postSolution
		{15A8AE28-A018-4F0F-ADAF-7960C1D4DDC6}.Debug|Any CPU.ActiveCfg = Debug|Any CPU
		{15A8AE28-A018-4F0F-ADAF-7960C1D4DDC6}.Debug|Any CPU.Build.0 = Debug|Any CPU
		{15A8AE28-A018-4F0F-ADAF-7960C1D4DDC6}.Release|Any CPU.ActiveCfg = Release|Any CPU
		{15A8AE28-A018-4F0F-ADAF-7960C1D4DDC6}.Release|Any CPU.Build.0 = Release|Any CPU
	EndGlobalSection
EndGlobal
